{
  "version": 4,
  "terraform_version": "1.5.3",
  "serial": 41,
  "lineage": "b76a98b8-b84f-84e5-7c5b-79af96c81361",
  "outputs": {
    "public_ip": {
      "value": [
        "clickhouse-01 158.160.96.200",
        "lighthouse-01 158.160.119.197",
        "vector-01 158.160.111.13"
      ],
      "type": [
        "set",
        "string"
      ]
    }
  },
  "resources": [
    {
      "mode": "managed",
      "type": "yandex_compute_instance",
      "name": "vm",
      "provider": "provider[\"registry.terraform.io/yandex-cloud/yandex\"]",
      "instances": [
        {
          "index_key": "cl_instance",
          "schema_version": 1,
          "attributes": {
            "allow_recreate": null,
            "allow_stopping_for_update": null,
            "boot_disk": [
              {
                "auto_delete": true,
                "device_name": "fhm2pbtrpshaj7uemq3t",
                "disk_id": "fhm2pbtrpshaj7uemq3t",
                "initialize_params": [
                  {
                    "block_size": 4096,
                    "description": "",
                    "image_id": "fd86mgv8p5r9jgcmiffb",
                    "name": "",
                    "size": 10,
                    "snapshot_id": "",
                    "type": "network-hdd"
                  }
                ],
                "mode": "READ_WRITE"
              }
            ],
            "created_at": "2023-10-11T08:07:57Z",
            "description": "",
            "filesystem": [],
            "folder_id": "b1gp1d8nc2hoglc4llu8",
            "fqdn": "clickhouse-01.local",
            "gpu_cluster_id": "",
            "hostname": "clickhouse-01.local",
            "id": "fhmmer8nrhb1vbnd2acv",
            "labels": null,
            "local_disk": [],
            "metadata": {
              "ssh-keys": "ret:ssh-rsa AAAAB3NzaC1yc2EAAAADAQABAAABgQC9FPxk1VMFbMs1g/SnRP6mICbLivvg5SYloWJlzeqKhIKXSuQY7U1AtEfRYLKDZbnf98WndodBS74pRaceawXqmYHcDeHCwdRCGOeYMbOZO7DlgR0wOrYTLqb0HVQwwr1J5ZNvmvRat9o34DUtOGlC++zgZdwiU1FGe47gVTq2I6vylosHUCoW4hOWWc0pDDpjVF6VvSrxF2QvwVi8GVV9GvPKeXe5GCtFYS+U8TEgScZRhDFgeIzgFn5BMgMeDJsNSEJ4on08vM9FFpbq4Og/foqUnWFV7nEO33CTqx2dXJMm/Gdg+ZXl4Z4+FRmaN4gNrPQKMtQTfGkdlP3iL71/ZDYyLTohTJn4fnpESEy1tw3QDhS20T+tMLkwIrLOSaYhlPMUTY/m3ZyB8+z5ZBNab3rUiTP78lXUI+GL7+lxzqGzgW5MJH4IYQirumpMS9LUmCKlnY2lYpTsoSz+k7SV3OaNo6rk2mKza/+6bRwE20lbnLETd88vqo15czinfjU= ret@ret-vm\n"
            },
            "metadata_options": [
              {
                "aws_v1_http_endpoint": 1,
                "aws_v1_http_token": 2,
                "gce_http_endpoint": 1,
                "gce_http_token": 1
              }
            ],
            "name": "clickhouse-01",
            "network_acceleration_type": "standard",
            "network_interface": [
              {
                "dns_record": [],
                "index": 0,
                "ip_address": "192.168.101.19",
                "ipv4": true,
                "ipv6": false,
                "ipv6_address": "",
                "ipv6_dns_record": [],
                "mac_address": "d0:0d:16:76:d1:7d",
                "nat": true,
                "nat_dns_record": [],
                "nat_ip_address": "158.160.96.200",
                "nat_ip_version": "IPV4",
                "security_group_ids": [],
                "subnet_id": "e9bsb0s8jo3hljgbhn22"
              }
            ],
            "placement_policy": [
              {
                "host_affinity_rules": [],
                "placement_group_id": ""
              }
            ],
            "platform_id": "standard-v1",
            "resources": [
              {
                "core_fraction": 100,
                "cores": 2,
                "gpus": 0,
                "memory": 4
              }
            ],
            "scheduling_policy": [
              {
                "preemptible": false
              }
            ],
            "secondary_disk": [],
            "service_account_id": "",
            "status": "running",
            "timeouts": null,
            "zone": "ru-central1-a"
          },
          "sensitive_attributes": [],
          "private": "eyJlMmJmYjczMC1lY2FhLTExZTYtOGY4OC0zNDM2M2JjN2M0YzAiOnsiY3JlYXRlIjozMDAwMDAwMDAwMDAsImRlbGV0ZSI6MzAwMDAwMDAwMDAwLCJ1cGRhdGUiOjMwMDAwMDAwMDAwMH0sInNjaGVtYV92ZXJzaW9uIjoiMSJ9",
          "dependencies": [
            "yandex_vpc_network.default",
            "yandex_vpc_subnet.default"
          ]
        },
        {
          "index_key": "lh_instance",
          "schema_version": 1,
          "attributes": {
            "allow_recreate": null,
            "allow_stopping_for_update": null,
            "boot_disk": [
              {
                "auto_delete": true,
                "device_name": "fhmon3ocjkhmqvas9cu0",
                "disk_id": "fhmon3ocjkhmqvas9cu0",
                "initialize_params": [
                  {
                    "block_size": 4096,
                    "description": "",
                    "image_id": "fd86mgv8p5r9jgcmiffb",
                    "name": "",
                    "size": 10,
                    "snapshot_id": "",
                    "type": "network-hdd"
                  }
                ],
                "mode": "READ_WRITE"
              }
            ],
            "created_at": "2023-10-11T08:07:57Z",
            "description": "",
            "filesystem": [],
            "folder_id": "b1gp1d8nc2hoglc4llu8",
            "fqdn": "lighthouse-01.local",
            "gpu_cluster_id": "",
            "hostname": "lighthouse-01.local",
            "id": "fhm3juatu9r18nf9mj5v",
            "labels": null,
            "local_disk": [],
            "metadata": {
              "ssh-keys": "ret:ssh-rsa AAAAB3NzaC1yc2EAAAADAQABAAABgQC9FPxk1VMFbMs1g/SnRP6mICbLivvg5SYloWJlzeqKhIKXSuQY7U1AtEfRYLKDZbnf98WndodBS74pRaceawXqmYHcDeHCwdRCGOeYMbOZO7DlgR0wOrYTLqb0HVQwwr1J5ZNvmvRat9o34DUtOGlC++zgZdwiU1FGe47gVTq2I6vylosHUCoW4hOWWc0pDDpjVF6VvSrxF2QvwVi8GVV9GvPKeXe5GCtFYS+U8TEgScZRhDFgeIzgFn5BMgMeDJsNSEJ4on08vM9FFpbq4Og/foqUnWFV7nEO33CTqx2dXJMm/Gdg+ZXl4Z4+FRmaN4gNrPQKMtQTfGkdlP3iL71/ZDYyLTohTJn4fnpESEy1tw3QDhS20T+tMLkwIrLOSaYhlPMUTY/m3ZyB8+z5ZBNab3rUiTP78lXUI+GL7+lxzqGzgW5MJH4IYQirumpMS9LUmCKlnY2lYpTsoSz+k7SV3OaNo6rk2mKza/+6bRwE20lbnLETd88vqo15czinfjU= ret@ret-vm\n"
            },
            "metadata_options": [
              {
                "aws_v1_http_endpoint": 1,
                "aws_v1_http_token": 2,
                "gce_http_endpoint": 1,
                "gce_http_token": 1
              }
            ],
            "name": "lighthouse-01",
            "network_acceleration_type": "standard",
            "network_interface": [
              {
                "dns_record": [],
                "index": 0,
                "ip_address": "192.168.101.16",
                "ipv4": true,
                "ipv6": false,
                "ipv6_address": "",
                "ipv6_dns_record": [],
                "mac_address": "d0:0d:39:f9:5d:f2",
                "nat": true,
                "nat_dns_record": [],
                "nat_ip_address": "158.160.119.197",
                "nat_ip_version": "IPV4",
                "security_group_ids": [],
                "subnet_id": "e9bsb0s8jo3hljgbhn22"
              }
            ],
            "placement_policy": [
              {
                "host_affinity_rules": [],
                "placement_group_id": ""
              }
            ],
            "platform_id": "standard-v1",
            "resources": [
              {
                "core_fraction": 100,
                "cores": 2,
                "gpus": 0,
                "memory": 4
              }
            ],
            "scheduling_policy": [
              {
                "preemptible": false
              }
            ],
            "secondary_disk": [],
            "service_account_id": "",
            "status": "running",
            "timeouts": null,
            "zone": "ru-central1-a"
          },
          "sensitive_attributes": [],
          "private": "eyJlMmJmYjczMC1lY2FhLTExZTYtOGY4OC0zNDM2M2JjN2M0YzAiOnsiY3JlYXRlIjozMDAwMDAwMDAwMDAsImRlbGV0ZSI6MzAwMDAwMDAwMDAwLCJ1cGRhdGUiOjMwMDAwMDAwMDAwMH0sInNjaGVtYV92ZXJzaW9uIjoiMSJ9",
          "dependencies": [
            "yandex_vpc_network.default",
            "yandex_vpc_subnet.default"
          ]
        },
        {
          "index_key": "v_instance",
          "schema_version": 1,
          "attributes": {
            "allow_recreate": null,
            "allow_stopping_for_update": null,
            "boot_disk": [
              {
                "auto_delete": true,
                "device_name": "fhmt6e21ijabo0gj4afn",
                "disk_id": "fhmt6e21ijabo0gj4afn",
                "initialize_params": [
                  {
                    "block_size": 4096,
                    "description": "",
                    "image_id": "fd86mgv8p5r9jgcmiffb",
                    "name": "",
                    "size": 10,
                    "snapshot_id": "",
                    "type": "network-hdd"
                  }
                ],
                "mode": "READ_WRITE"
              }
            ],
            "created_at": "2023-10-11T08:07:57Z",
            "description": "",
            "filesystem": [],
            "folder_id": "b1gp1d8nc2hoglc4llu8",
            "fqdn": "vector-01.local",
            "gpu_cluster_id": "",
            "hostname": "vector-01.local",
            "id": "fhm0un5d2pseosc02qnt",
            "labels": null,
            "local_disk": [],
            "metadata": {
              "ssh-keys": "ret:ssh-rsa AAAAB3NzaC1yc2EAAAADAQABAAABgQC9FPxk1VMFbMs1g/SnRP6mICbLivvg5SYloWJlzeqKhIKXSuQY7U1AtEfRYLKDZbnf98WndodBS74pRaceawXqmYHcDeHCwdRCGOeYMbOZO7DlgR0wOrYTLqb0HVQwwr1J5ZNvmvRat9o34DUtOGlC++zgZdwiU1FGe47gVTq2I6vylosHUCoW4hOWWc0pDDpjVF6VvSrxF2QvwVi8GVV9GvPKeXe5GCtFYS+U8TEgScZRhDFgeIzgFn5BMgMeDJsNSEJ4on08vM9FFpbq4Og/foqUnWFV7nEO33CTqx2dXJMm/Gdg+ZXl4Z4+FRmaN4gNrPQKMtQTfGkdlP3iL71/ZDYyLTohTJn4fnpESEy1tw3QDhS20T+tMLkwIrLOSaYhlPMUTY/m3ZyB8+z5ZBNab3rUiTP78lXUI+GL7+lxzqGzgW5MJH4IYQirumpMS9LUmCKlnY2lYpTsoSz+k7SV3OaNo6rk2mKza/+6bRwE20lbnLETd88vqo15czinfjU= ret@ret-vm\n"
            },
            "metadata_options": [
              {
                "aws_v1_http_endpoint": 1,
                "aws_v1_http_token": 2,
                "gce_http_endpoint": 1,
                "gce_http_token": 1
              }
            ],
            "name": "vector-01",
            "network_acceleration_type": "standard",
            "network_interface": [
              {
                "dns_record": [],
                "index": 0,
                "ip_address": "192.168.101.20",
                "ipv4": true,
                "ipv6": false,
                "ipv6_address": "",
                "ipv6_dns_record": [],
                "mac_address": "d0:0d:f5:ca:d1:67",
                "nat": true,
                "nat_dns_record": [],
                "nat_ip_address": "158.160.111.13",
                "nat_ip_version": "IPV4",
                "security_group_ids": [],
                "subnet_id": "e9bsb0s8jo3hljgbhn22"
              }
            ],
            "placement_policy": [
              {
                "host_affinity_rules": [],
                "placement_group_id": ""
              }
            ],
            "platform_id": "standard-v1",
            "resources": [
              {
                "core_fraction": 100,
                "cores": 2,
                "gpus": 0,
                "memory": 4
              }
            ],
            "scheduling_policy": [
              {
                "preemptible": false
              }
            ],
            "secondary_disk": [],
            "service_account_id": "",
            "status": "running",
            "timeouts": null,
            "zone": "ru-central1-a"
          },
          "sensitive_attributes": [],
          "private": "eyJlMmJmYjczMC1lY2FhLTExZTYtOGY4OC0zNDM2M2JjN2M0YzAiOnsiY3JlYXRlIjozMDAwMDAwMDAwMDAsImRlbGV0ZSI6MzAwMDAwMDAwMDAwLCJ1cGRhdGUiOjMwMDAwMDAwMDAwMH0sInNjaGVtYV92ZXJzaW9uIjoiMSJ9",
          "dependencies": [
            "yandex_vpc_network.default",
            "yandex_vpc_subnet.default"
          ]
        }
      ]
    },
    {
      "mode": "managed",
      "type": "yandex_vpc_network",
      "name": "default",
      "provider": "provider[\"registry.terraform.io/yandex-cloud/yandex\"]",
      "instances": [
        {
          "schema_version": 0,
          "attributes": {
            "created_at": "2023-10-11T08:07:53Z",
            "default_security_group_id": "enpvmjlt0auggqrr20ap",
            "description": "",
            "folder_id": "b1gp1d8nc2hoglc4llu8",
            "id": "enpvltjudd5lj1gj3qf7",
            "labels": {},
            "name": "net",
            "subnet_ids": [],
            "timeouts": null
          },
          "sensitive_attributes": [],
          "private": "eyJlMmJmYjczMC1lY2FhLTExZTYtOGY4OC0zNDM2M2JjN2M0YzAiOnsiY3JlYXRlIjo2MDAwMDAwMDAwMCwiZGVsZXRlIjo2MDAwMDAwMDAwMCwidXBkYXRlIjo2MDAwMDAwMDAwMH19"
        }
      ]
    },
    {
      "mode": "managed",
      "type": "yandex_vpc_subnet",
      "name": "default",
      "provider": "provider[\"registry.terraform.io/yandex-cloud/yandex\"]",
      "instances": [
        {
          "schema_version": 0,
          "attributes": {
            "created_at": "2023-10-11T08:07:55Z",
            "description": "",
            "dhcp_options": [],
            "folder_id": "b1gp1d8nc2hoglc4llu8",
            "id": "e9bsb0s8jo3hljgbhn22",
            "labels": {},
            "name": "subnet",
            "network_id": "enpvltjudd5lj1gj3qf7",
            "route_table_id": "",
            "timeouts": null,
            "v4_cidr_blocks": [
              "192.168.101.0/24"
            ],
            "v6_cidr_blocks": [],
            "zone": "ru-central1-a"
          },
          "sensitive_attributes": [],
          "private": "eyJlMmJmYjczMC1lY2FhLTExZTYtOGY4OC0zNDM2M2JjN2M0YzAiOnsiY3JlYXRlIjoxODAwMDAwMDAwMDAsImRlbGV0ZSI6MTgwMDAwMDAwMDAwLCJ1cGRhdGUiOjE4MDAwMDAwMDAwMH19",
          "dependencies": [
            "yandex_vpc_network.default"
          ]
        }
      ]
    }
  ],
  "check_results": null
}
