{
  "version": 4,
  "terraform_version": "1.3.8",
  "serial": 81,
  "lineage": "b76a98b8-b84f-84e5-7c5b-79af96c81361",
  "outputs": {
    "public_ip": {
      "value": [
        "clickhouse-01 51.250.90.24",
        "lighthouse-01 84.252.130.145",
        "vector-01 84.201.135.76"
      ],
      "type": [
        "set",
        "string"
      ]
    }
  },
  "resources": [
    {
      "mode": "managed",
      "type": "yandex_compute_instance",
      "name": "vm",
      "provider": "provider[\"registry.terraform.io/yandex-cloud/yandex\"]",
      "instances": [
        {
          "index_key": "cl_instance",
          "schema_version": 1,
          "attributes": {
            "allow_recreate": null,
            "allow_stopping_for_update": null,
            "boot_disk": [
              {
                "auto_delete": true,
                "device_name": "fhm3urpkmkd8eo4doncd",
                "disk_id": "fhm3urpkmkd8eo4doncd",
                "initialize_params": [
                  {
                    "block_size": 4096,
                    "description": "",
                    "image_id": "fd86mgv8p5r9jgcmiffb",
                    "name": "",
                    "size": 10,
                    "snapshot_id": "",
                    "type": "network-hdd"
                  }
                ],
                "mode": "READ_WRITE"
              }
            ],
            "created_at": "2023-10-22T16:23:09Z",
            "description": "",
            "filesystem": [],
            "folder_id": "b1gp1d8nc2hoglc4llu8",
            "fqdn": "clickhouse-01.local",
            "gpu_cluster_id": "",
            "hostname": "clickhouse-01.local",
            "id": "fhmojghngjhll2rrug93",
            "labels": null,
            "local_disk": [],
            "metadata": {
              "ssh-keys": "ret:ssh-rsa AAAAB3NzaC1yc2EAAAADAQABAAABgQC1TljRsUq1viPWtqkWpXfYBTCer/DHgKFG+eqBWA4qDC+53VNwqqHn901IU3OV6F9PQMVCo7jbiEQlZfY5l+bThEbkZVWKTZHOCn50lz52xJtJmOuv2AVSgSwcYmRNDjcOFGN4YUmcyjeIwYDmg0hjfVUC2AZSxMB3I4PzHsU1czIlL/2Mi3W+PunF+O6SOphMO1T5m8dWkMCaDvDTCkpXi0I3S7yM1TELOFrxlv/+5X4DIRgIuHsIGA7uDxlHJXbbl1yXft4aiBHNF2oeKp+WRxo6JoKXIJQYEecSfFl+Tvil1rwPyHG2yQk6ZZP52wH53DuOQ+ve6iD3s33OR541lvMunZ9CFqBA3GHz5GJZNxmIoIZHj9PU4fxvn62jW/ufw80JV7ClKPbiI1gcN/tfchlZosoNYEM13JAMGrXVJ54qgCfvmBW7S7P6iqPz4BYNI5NXWUDN2x3UNH8NGNZzvlb6HlXg78X//Oxc6usTLw8nSBJs1FhSIirBoqtE6os= ret@test-netology\n"
            },
            "metadata_options": [
              {
                "aws_v1_http_endpoint": 1,
                "aws_v1_http_token": 2,
                "gce_http_endpoint": 1,
                "gce_http_token": 1
              }
            ],
            "name": "clickhouse-01",
            "network_acceleration_type": "standard",
            "network_interface": [
              {
                "dns_record": [],
                "index": 0,
                "ip_address": "192.168.101.19",
                "ipv4": true,
                "ipv6": false,
                "ipv6_address": "",
                "ipv6_dns_record": [],
                "mac_address": "d0:0d:18:9c:23:78",
                "nat": true,
                "nat_dns_record": [],
                "nat_ip_address": "51.250.90.24",
                "nat_ip_version": "IPV4",
                "security_group_ids": [],
                "subnet_id": "e9bhsd3p3tklj3ka00dp"
              }
            ],
            "placement_policy": [
              {
                "host_affinity_rules": [],
                "placement_group_id": ""
              }
            ],
            "platform_id": "standard-v1",
            "resources": [
              {
                "core_fraction": 100,
                "cores": 2,
                "gpus": 0,
                "memory": 4
              }
            ],
            "scheduling_policy": [
              {
                "preemptible": false
              }
            ],
            "secondary_disk": [],
            "service_account_id": "",
            "status": "running",
            "timeouts": null,
            "zone": "ru-central1-a"
          },
          "sensitive_attributes": [],
          "private": "eyJlMmJmYjczMC1lY2FhLTExZTYtOGY4OC0zNDM2M2JjN2M0YzAiOnsiY3JlYXRlIjozMDAwMDAwMDAwMDAsImRlbGV0ZSI6MzAwMDAwMDAwMDAwLCJ1cGRhdGUiOjMwMDAwMDAwMDAwMH0sInNjaGVtYV92ZXJzaW9uIjoiMSJ9",
          "dependencies": [
            "yandex_vpc_network.default",
            "yandex_vpc_subnet.default"
          ]
        },
        {
          "index_key": "lh_instance",
          "schema_version": 1,
          "attributes": {
            "allow_recreate": null,
            "allow_stopping_for_update": null,
            "boot_disk": [
              {
                "auto_delete": true,
                "device_name": "fhmst7qsqtsospaas2rj",
                "disk_id": "fhmst7qsqtsospaas2rj",
                "initialize_params": [
                  {
                    "block_size": 4096,
                    "description": "",
                    "image_id": "fd86mgv8p5r9jgcmiffb",
                    "name": "",
                    "size": 10,
                    "snapshot_id": "",
                    "type": "network-hdd"
                  }
                ],
                "mode": "READ_WRITE"
              }
            ],
            "created_at": "2023-10-22T16:23:09Z",
            "description": "",
            "filesystem": [],
            "folder_id": "b1gp1d8nc2hoglc4llu8",
            "fqdn": "lighthouse-01.local",
            "gpu_cluster_id": "",
            "hostname": "lighthouse-01.local",
            "id": "fhminer2amefjchu7ug8",
            "labels": null,
            "local_disk": [],
            "metadata": {
              "ssh-keys": "ret:ssh-rsa AAAAB3NzaC1yc2EAAAADAQABAAABgQC1TljRsUq1viPWtqkWpXfYBTCer/DHgKFG+eqBWA4qDC+53VNwqqHn901IU3OV6F9PQMVCo7jbiEQlZfY5l+bThEbkZVWKTZHOCn50lz52xJtJmOuv2AVSgSwcYmRNDjcOFGN4YUmcyjeIwYDmg0hjfVUC2AZSxMB3I4PzHsU1czIlL/2Mi3W+PunF+O6SOphMO1T5m8dWkMCaDvDTCkpXi0I3S7yM1TELOFrxlv/+5X4DIRgIuHsIGA7uDxlHJXbbl1yXft4aiBHNF2oeKp+WRxo6JoKXIJQYEecSfFl+Tvil1rwPyHG2yQk6ZZP52wH53DuOQ+ve6iD3s33OR541lvMunZ9CFqBA3GHz5GJZNxmIoIZHj9PU4fxvn62jW/ufw80JV7ClKPbiI1gcN/tfchlZosoNYEM13JAMGrXVJ54qgCfvmBW7S7P6iqPz4BYNI5NXWUDN2x3UNH8NGNZzvlb6HlXg78X//Oxc6usTLw8nSBJs1FhSIirBoqtE6os= ret@test-netology\n"
            },
            "metadata_options": [
              {
                "aws_v1_http_endpoint": 1,
                "aws_v1_http_token": 2,
                "gce_http_endpoint": 1,
                "gce_http_token": 1
              }
            ],
            "name": "lighthouse-01",
            "network_acceleration_type": "standard",
            "network_interface": [
              {
                "dns_record": [],
                "index": 0,
                "ip_address": "192.168.101.21",
                "ipv4": true,
                "ipv6": false,
                "ipv6_address": "",
                "ipv6_dns_record": [],
                "mac_address": "d0:0d:12:bb:b6:25",
                "nat": true,
                "nat_dns_record": [],
                "nat_ip_address": "84.252.130.145",
                "nat_ip_version": "IPV4",
                "security_group_ids": [],
                "subnet_id": "e9bhsd3p3tklj3ka00dp"
              }
            ],
            "placement_policy": [
              {
                "host_affinity_rules": [],
                "placement_group_id": ""
              }
            ],
            "platform_id": "standard-v1",
            "resources": [
              {
                "core_fraction": 100,
                "cores": 2,
                "gpus": 0,
                "memory": 4
              }
            ],
            "scheduling_policy": [
              {
                "preemptible": false
              }
            ],
            "secondary_disk": [],
            "service_account_id": "",
            "status": "running",
            "timeouts": null,
            "zone": "ru-central1-a"
          },
          "sensitive_attributes": [],
          "private": "eyJlMmJmYjczMC1lY2FhLTExZTYtOGY4OC0zNDM2M2JjN2M0YzAiOnsiY3JlYXRlIjozMDAwMDAwMDAwMDAsImRlbGV0ZSI6MzAwMDAwMDAwMDAwLCJ1cGRhdGUiOjMwMDAwMDAwMDAwMH0sInNjaGVtYV92ZXJzaW9uIjoiMSJ9",
          "dependencies": [
            "yandex_vpc_network.default",
            "yandex_vpc_subnet.default"
          ]
        },
        {
          "index_key": "v_instance",
          "schema_version": 1,
          "attributes": {
            "allow_recreate": null,
            "allow_stopping_for_update": null,
            "boot_disk": [
              {
                "auto_delete": true,
                "device_name": "fhmi93i2rsvlp1rjl6rr",
                "disk_id": "fhmi93i2rsvlp1rjl6rr",
                "initialize_params": [
                  {
                    "block_size": 4096,
                    "description": "",
                    "image_id": "fd86mgv8p5r9jgcmiffb",
                    "name": "",
                    "size": 10,
                    "snapshot_id": "",
                    "type": "network-hdd"
                  }
                ],
                "mode": "READ_WRITE"
              }
            ],
            "created_at": "2023-10-22T16:23:09Z",
            "description": "",
            "filesystem": [],
            "folder_id": "b1gp1d8nc2hoglc4llu8",
            "fqdn": "vector-01.local",
            "gpu_cluster_id": "",
            "hostname": "vector-01.local",
            "id": "fhmn3kkjoa7fpusrvltg",
            "labels": null,
            "local_disk": [],
            "metadata": {
              "ssh-keys": "ret:ssh-rsa AAAAB3NzaC1yc2EAAAADAQABAAABgQC1TljRsUq1viPWtqkWpXfYBTCer/DHgKFG+eqBWA4qDC+53VNwqqHn901IU3OV6F9PQMVCo7jbiEQlZfY5l+bThEbkZVWKTZHOCn50lz52xJtJmOuv2AVSgSwcYmRNDjcOFGN4YUmcyjeIwYDmg0hjfVUC2AZSxMB3I4PzHsU1czIlL/2Mi3W+PunF+O6SOphMO1T5m8dWkMCaDvDTCkpXi0I3S7yM1TELOFrxlv/+5X4DIRgIuHsIGA7uDxlHJXbbl1yXft4aiBHNF2oeKp+WRxo6JoKXIJQYEecSfFl+Tvil1rwPyHG2yQk6ZZP52wH53DuOQ+ve6iD3s33OR541lvMunZ9CFqBA3GHz5GJZNxmIoIZHj9PU4fxvn62jW/ufw80JV7ClKPbiI1gcN/tfchlZosoNYEM13JAMGrXVJ54qgCfvmBW7S7P6iqPz4BYNI5NXWUDN2x3UNH8NGNZzvlb6HlXg78X//Oxc6usTLw8nSBJs1FhSIirBoqtE6os= ret@test-netology\n"
            },
            "metadata_options": [
              {
                "aws_v1_http_endpoint": 1,
                "aws_v1_http_token": 2,
                "gce_http_endpoint": 1,
                "gce_http_token": 1
              }
            ],
            "name": "vector-01",
            "network_acceleration_type": "standard",
            "network_interface": [
              {
                "dns_record": [],
                "index": 0,
                "ip_address": "192.168.101.18",
                "ipv4": true,
                "ipv6": false,
                "ipv6_address": "",
                "ipv6_dns_record": [],
                "mac_address": "d0:0d:17:1d:29:3c",
                "nat": true,
                "nat_dns_record": [],
                "nat_ip_address": "84.201.135.76",
                "nat_ip_version": "IPV4",
                "security_group_ids": [],
                "subnet_id": "e9bhsd3p3tklj3ka00dp"
              }
            ],
            "placement_policy": [
              {
                "host_affinity_rules": [],
                "placement_group_id": ""
              }
            ],
            "platform_id": "standard-v1",
            "resources": [
              {
                "core_fraction": 100,
                "cores": 2,
                "gpus": 0,
                "memory": 4
              }
            ],
            "scheduling_policy": [
              {
                "preemptible": false
              }
            ],
            "secondary_disk": [],
            "service_account_id": "",
            "status": "running",
            "timeouts": null,
            "zone": "ru-central1-a"
          },
          "sensitive_attributes": [],
          "private": "eyJlMmJmYjczMC1lY2FhLTExZTYtOGY4OC0zNDM2M2JjN2M0YzAiOnsiY3JlYXRlIjozMDAwMDAwMDAwMDAsImRlbGV0ZSI6MzAwMDAwMDAwMDAwLCJ1cGRhdGUiOjMwMDAwMDAwMDAwMH0sInNjaGVtYV92ZXJzaW9uIjoiMSJ9",
          "dependencies": [
            "yandex_vpc_network.default",
            "yandex_vpc_subnet.default"
          ]
        }
      ]
    },
    {
      "mode": "managed",
      "type": "yandex_vpc_network",
      "name": "default",
      "provider": "provider[\"registry.terraform.io/yandex-cloud/yandex\"]",
      "instances": [
        {
          "schema_version": 0,
          "attributes": {
            "created_at": "2023-10-22T16:23:06Z",
            "default_security_group_id": "enpi64aiaao0eh3kpkkj",
            "description": "",
            "folder_id": "b1gp1d8nc2hoglc4llu8",
            "id": "enp7cuipk5s348q6n99n",
            "labels": {},
            "name": "net",
            "subnet_ids": [],
            "timeouts": null
          },
          "sensitive_attributes": [],
          "private": "eyJlMmJmYjczMC1lY2FhLTExZTYtOGY4OC0zNDM2M2JjN2M0YzAiOnsiY3JlYXRlIjo2MDAwMDAwMDAwMCwiZGVsZXRlIjo2MDAwMDAwMDAwMCwidXBkYXRlIjo2MDAwMDAwMDAwMH19"
        }
      ]
    },
    {
      "mode": "managed",
      "type": "yandex_vpc_subnet",
      "name": "default",
      "provider": "provider[\"registry.terraform.io/yandex-cloud/yandex\"]",
      "instances": [
        {
          "schema_version": 0,
          "attributes": {
            "created_at": "2023-10-22T16:23:08Z",
            "description": "",
            "dhcp_options": [],
            "folder_id": "b1gp1d8nc2hoglc4llu8",
            "id": "e9bhsd3p3tklj3ka00dp",
            "labels": {},
            "name": "subnet",
            "network_id": "enp7cuipk5s348q6n99n",
            "route_table_id": "",
            "timeouts": null,
            "v4_cidr_blocks": [
              "192.168.101.0/24"
            ],
            "v6_cidr_blocks": [],
            "zone": "ru-central1-a"
          },
          "sensitive_attributes": [],
          "private": "eyJlMmJmYjczMC1lY2FhLTExZTYtOGY4OC0zNDM2M2JjN2M0YzAiOnsiY3JlYXRlIjoxODAwMDAwMDAwMDAsImRlbGV0ZSI6MTgwMDAwMDAwMDAwLCJ1cGRhdGUiOjE4MDAwMDAwMDAwMH19",
          "dependencies": [
            "yandex_vpc_network.default"
          ]
        }
      ]
    }
  ],
  "check_results": null
}
