{
  "version": 4,
  "terraform_version": "1.8.3",
  "serial": 47,
  "lineage": "4552b63f-5184-c034-b750-0f1720162a34",
  "outputs": {},
  "resources": [
    {
      "mode": "managed",
      "type": "yandex_compute_instance_group",
      "name": "vp-nlb-ig",
      "provider": "provider[\"registry.terraform.io/yandex-cloud/yandex\"]",
      "instances": [
        {
          "schema_version": 0,
          "attributes": {
            "allocation_policy": [
              {
                "instance_tags_pool": [],
                "zones": [
                  "ru-central1-a"
                ]
              }
            ],
            "application_load_balancer": [],
            "created_at": "2024-05-19T19:17:33Z",
            "deletion_protection": false,
            "deploy_policy": [
              {
                "max_creating": 0,
                "max_deleting": 0,
                "max_expansion": 1,
                "max_unavailable": 2,
                "startup_duration": 0,
                "strategy": "proactive"
              }
            ],
            "description": "",
            "folder_id": "b1gp1d8nc2hoglc4llu8",
            "health_check": [
              {
                "healthy_threshold": 5,
                "http_options": [
                  {
                    "path": "/",
                    "port": 80
                  }
                ],
                "interval": 2,
                "tcp_options": [],
                "timeout": 1,
                "unhealthy_threshold": 2
              }
            ],
            "id": "cl1ramlctp0a36o74m12",
            "instance_template": [
              {
                "boot_disk": [
                  {
                    "device_name": "",
                    "disk_id": "",
                    "initialize_params": [
                      {
                        "description": "",
                        "image_id": "fd827b91d99psvq5fjit",
                        "size": 3,
                        "snapshot_id": "",
                        "type": "network-hdd"
                      }
                    ],
                    "mode": "READ_WRITE",
                    "name": ""
                  }
                ],
                "description": "",
                "filesystem": [],
                "hostname": "",
                "labels": {
                  "group": "network-load-balanced"
                },
                "metadata": {
                  "ssh-keys": "ubuntu:ssh-rsa AAAAB3NzaC1yc2EAAAADAQABAAABgQC9FPxk1VMFbMs1g/SnRP6mICbLivvg5SYloWJlzeqKhIKXSuQY7U1AtEfRYLKDZbnf98WndodBS74pRaceawXqmYHcDeHCwdRCGOeYMbOZO7DlgR0wOrYTLqb0HVQwwr1J5ZNvmvRat9o34DUtOGlC++zgZdwiU1FGe47gVTq2I6vylosHUCoW4hOWWc0pDDpjVF6VvSrxF2QvwVi8GVV9GvPKeXe5GCtFYS+U8TEgScZRhDFgeIzgFn5BMgMeDJsNSEJ4on08vM9FFpbq4Og/foqUnWFV7nEO33CTqx2dXJMm/Gdg+ZXl4Z4+FRmaN4gNrPQKMtQTfGkdlP3iL71/ZDYyLTohTJn4fnpESEy1tw3QDhS20T+tMLkwIrLOSaYhlPMUTY/m3ZyB8+z5ZBNab3rUiTP78lXUI+GL7+lxzqGzgW5MJH4IYQirumpMS9LUmCKlnY2lYpTsoSz+k7SV3OaNo6rk2mKza/+6bRwE20lbnLETd88vqo15czinfjU= ret@ret-vm\n",
                  "user-data": "#!/bin/bash\n cd /var/www/html\n echo \"\u003chtml\u003e\u003chead\u003e\u003cmeta charset=\"utf-8\"\u003e\u003ctitle\u003eДЗ YC-Bucket\u003c/title\u003e\u003c/head\u003e\u003ch2\u003eДомашнее задание: \u0026#171;Вычислительные мощности. Балансировщики нагрузки\u0026#187;\u003c/h2\u003e\u003cimg src='https://churilov-netology-bucket.storage.yandexcloud.net/image.png'\u003e\u003c/html\u003e\" \u003e index.html"
                },
                "metadata_options": [
                  {
                    "aws_v1_http_endpoint": 0,
                    "aws_v1_http_token": 0,
                    "gce_http_endpoint": 0,
                    "gce_http_token": 0
                  }
                ],
                "name": "",
                "network_interface": [
                  {
                    "dns_record": [],
                    "ip_address": "",
                    "ipv4": true,
                    "ipv6": false,
                    "ipv6_address": "",
                    "ipv6_dns_record": [],
                    "nat": false,
                    "nat_dns_record": [],
                    "nat_ip_address": "",
                    "network_id": "enpssasa274mpl6vi438",
                    "security_group_ids": [],
                    "subnet_ids": [
                      "e9bcnhp654i45m16r3ks"
                    ]
                  }
                ],
                "network_settings": [],
                "placement_policy": [],
                "platform_id": "standard-v1",
                "resources": [
                  {
                    "core_fraction": 100,
                    "cores": 2,
                    "gpus": 0,
                    "memory": 2
                  }
                ],
                "scheduling_policy": [
                  {
                    "preemptible": true
                  }
                ],
                "secondary_disk": [],
                "service_account_id": ""
              }
            ],
            "instances": [
              {
                "fqdn": "cl1ramlctp0a36o74m12-ahan.ru-central1.internal",
                "instance_id": "fhmjs7gvadjm7tupkfjn",
                "instance_tag": "",
                "name": "cl1ramlctp0a36o74m12-ahan",
                "network_interface": [
                  {
                    "index": 0,
                    "ip_address": "192.168.10.9",
                    "ipv4": true,
                    "ipv6": false,
                    "ipv6_address": "",
                    "mac_address": "d0:0d:13:e1:e1:f5",
                    "nat": false,
                    "nat_ip_address": "",
                    "nat_ip_version": "",
                    "subnet_id": "e9bcnhp654i45m16r3ks"
                  }
                ],
                "status": "OPENING_TRAFFIC",
                "status_changed_at": "2024-05-19T19:34:22Z",
                "status_message": "Awaiting HEALTHY state for target(s) 192.168.10.9. Elapsed time: 14s.",
                "zone_id": "ru-central1-a"
              },
              {
                "fqdn": "cl1ramlctp0a36o74m12-ikig.ru-central1.internal",
                "instance_id": "fhmioapoob97s3grvclt",
                "instance_tag": "",
                "name": "cl1ramlctp0a36o74m12-ikig",
                "network_interface": [
                  {
                    "index": 0,
                    "ip_address": "192.168.10.4",
                    "ipv4": true,
                    "ipv6": false,
                    "ipv6_address": "",
                    "mac_address": "d0:0d:12:c2:b3:8c",
                    "nat": false,
                    "nat_ip_address": "",
                    "nat_ip_version": "",
                    "subnet_id": "e9bcnhp654i45m16r3ks"
                  }
                ],
                "status": "RUNNING_ACTUAL",
                "status_changed_at": "2024-05-19T19:19:54Z",
                "status_message": "",
                "zone_id": "ru-central1-a"
              },
              {
                "fqdn": "cl1ramlctp0a36o74m12-orox.ru-central1.internal",
                "instance_id": "fhmbblc0ng9m2l4l5uij",
                "instance_tag": "",
                "name": "cl1ramlctp0a36o74m12-orox",
                "network_interface": [
                  {
                    "index": 0,
                    "ip_address": "192.168.10.28",
                    "ipv4": true,
                    "ipv6": false,
                    "ipv6_address": "",
                    "mac_address": "d0:0d:b5:d5:80:bc",
                    "nat": false,
                    "nat_ip_address": "",
                    "nat_ip_version": "",
                    "subnet_id": "e9bcnhp654i45m16r3ks"
                  }
                ],
                "status": "RUNNING_ACTUAL",
                "status_changed_at": "2024-05-19T19:20:36Z",
                "status_message": "",
                "zone_id": "ru-central1-a"
              }
            ],
            "labels": {},
            "load_balancer": [
              {
                "ignore_health_checks": false,
                "max_opening_traffic_duration": 0,
                "status_message": "",
                "target_group_description": "Target group for network balancer",
                "target_group_id": "enp09cadosjmr5hph1mi",
                "target_group_labels": {},
                "target_group_name": "vp-target-nlb-group"
              }
            ],
            "max_checking_health_duration": 0,
            "name": "vp-nlb-ig",
            "scale_policy": [
              {
                "auto_scale": [],
                "fixed_scale": [
                  {
                    "size": 3
                  }
                ],
                "test_auto_scale": []
              }
            ],
            "service_account_id": "ajer8lb151gog27tt1jb",
            "status": "ACTIVE",
            "timeouts": null,
            "variables": {}
          },
          "sensitive_attributes": [],
          "private": "eyJlMmJmYjczMC1lY2FhLTExZTYtOGY4OC0zNDM2M2JjN2M0YzAiOnsiY3JlYXRlIjoxODAwMDAwMDAwMDAwLCJkZWxldGUiOjE4MDAwMDAwMDAwMDAsInVwZGF0ZSI6MTgwMDAwMDAwMDAwMH19",
          "dependencies": [
            "yandex_iam_service_account.bucket-sa",
            "yandex_iam_service_account.chu-ra",
            "yandex_iam_service_account_static_access_key.sa-static-key",
            "yandex_storage_bucket.vp-bucket",
            "yandex_storage_object.my-picture",
            "yandex_vpc_network.netology-net",
            "yandex_vpc_subnet.public"
          ]
        }
      ]
    },
    {
      "mode": "managed",
      "type": "yandex_iam_service_account",
      "name": "bucket-sa",
      "provider": "provider[\"registry.terraform.io/yandex-cloud/yandex\"]",
      "instances": [
        {
          "schema_version": 0,
          "attributes": {
            "created_at": "2024-05-19T11:51:43Z",
            "description": "service account for bucket",
            "folder_id": "b1gp1d8nc2hoglc4llu8",
            "id": "aje38ak9oulbot1fho08",
            "name": "bucket-sa",
            "timeouts": null
          },
          "sensitive_attributes": [],
          "private": "eyJlMmJmYjczMC1lY2FhLTExZTYtOGY4OC0zNDM2M2JjN2M0YzAiOnsiY3JlYXRlIjo2MDAwMDAwMDAwMCwiZGVsZXRlIjo2MDAwMDAwMDAwMCwidXBkYXRlIjo2MDAwMDAwMDAwMH19"
        }
      ]
    },
    {
      "mode": "managed",
      "type": "yandex_iam_service_account",
      "name": "chu-ra",
      "provider": "provider[\"registry.terraform.io/yandex-cloud/yandex\"]",
      "instances": [
        {
          "schema_version": 0,
          "attributes": {
            "created_at": "2024-05-19T19:15:27Z",
            "description": "Service account for managing VM group",
            "folder_id": "b1gp1d8nc2hoglc4llu8",
            "id": "ajer8lb151gog27tt1jb",
            "name": "chu-ra",
            "timeouts": null
          },
          "sensitive_attributes": [],
          "private": "eyJlMmJmYjczMC1lY2FhLTExZTYtOGY4OC0zNDM2M2JjN2M0YzAiOnsiY3JlYXRlIjo2MDAwMDAwMDAwMCwiZGVsZXRlIjo2MDAwMDAwMDAwMCwidXBkYXRlIjo2MDAwMDAwMDAwMH19"
        }
      ]
    },
    {
      "mode": "managed",
      "type": "yandex_iam_service_account_static_access_key",
      "name": "sa-static-key",
      "provider": "provider[\"registry.terraform.io/yandex-cloud/yandex\"]",
      "instances": [
        {
          "schema_version": 0,
          "attributes": {
            "access_key": "YCAJElRBlq1VFujxDgDP97dGI",
            "created_at": "2024-05-19T11:51:45Z",
            "description": "static access key for object storage",
            "encrypted_secret_key": null,
            "id": "ajejfs21u8k5v4t3gjr6",
            "key_fingerprint": null,
            "pgp_key": null,
            "secret_key": "YCPTwAFzoOeClZfDRWBLiIb-uANTLSMmftoipZT2",
            "service_account_id": "aje38ak9oulbot1fho08"
          },
          "sensitive_attributes": [
            [
              {
                "type": "get_attr",
                "value": "secret_key"
              }
            ]
          ],
          "private": "bnVsbA==",
          "dependencies": [
            "yandex_iam_service_account.bucket-sa"
          ]
        }
      ]
    },
    {
      "mode": "managed",
      "type": "yandex_storage_bucket",
      "name": "vp-bucket",
      "provider": "provider[\"registry.terraform.io/yandex-cloud/yandex\"]",
      "instances": [
        {
          "schema_version": 1,
          "attributes": {
            "access_key": "YCAJElRBlq1VFujxDgDP97dGI",
            "acl": null,
            "anonymous_access_flags": [
              {
                "config_read": false,
                "list": false,
                "read": true
              }
            ],
            "bucket": "churilov-netology-bucket",
            "bucket_domain_name": "churilov-netology-bucket.storage.yandexcloud.net",
            "bucket_prefix": null,
            "cors_rule": [],
            "default_storage_class": "STANDARD",
            "folder_id": "b1gp1d8nc2hoglc4llu8",
            "force_destroy": false,
            "grant": [],
            "https": [],
            "id": "churilov-netology-bucket",
            "lifecycle_rule": [],
            "logging": [],
            "max_size": 1073741824,
            "object_lock_configuration": [],
            "policy": "",
            "secret_key": "YCPTwAFzoOeClZfDRWBLiIb-uANTLSMmftoipZT2",
            "server_side_encryption_configuration": [],
            "tags": {},
            "versioning": [
              {
                "enabled": false
              }
            ],
            "website": [],
            "website_domain": null,
            "website_endpoint": null
          },
          "sensitive_attributes": [
            [
              {
                "type": "get_attr",
                "value": "secret_key"
              }
            ]
          ],
          "private": "eyJzY2hlbWFfdmVyc2lvbiI6IjEifQ==",
          "dependencies": [
            "yandex_iam_service_account.bucket-sa",
            "yandex_iam_service_account_static_access_key.sa-static-key"
          ]
        }
      ]
    },
    {
      "mode": "managed",
      "type": "yandex_storage_object",
      "name": "my-picture",
      "provider": "provider[\"registry.terraform.io/yandex-cloud/yandex\"]",
      "instances": [
        {
          "schema_version": 0,
          "attributes": {
            "access_key": "YCAJElRBlq1VFujxDgDP97dGI",
            "acl": "private",
            "bucket": "churilov-netology-bucket",
            "content": null,
            "content_base64": null,
            "content_type": "application/octet-stream",
            "id": "image.png",
            "key": "image.png",
            "object_lock_legal_hold_status": null,
            "object_lock_mode": null,
            "object_lock_retain_until_date": null,
            "secret_key": "YCPTwAFzoOeClZfDRWBLiIb-uANTLSMmftoipZT2",
            "source": "image.png",
            "source_hash": null,
            "tags": {}
          },
          "sensitive_attributes": [
            [
              {
                "type": "get_attr",
                "value": "secret_key"
              }
            ]
          ],
          "private": "bnVsbA==",
          "dependencies": [
            "yandex_iam_service_account.bucket-sa",
            "yandex_iam_service_account_static_access_key.sa-static-key",
            "yandex_storage_bucket.vp-bucket"
          ]
        }
      ]
    },
    {
      "mode": "managed",
      "type": "yandex_vpc_network",
      "name": "netology-net",
      "provider": "provider[\"registry.terraform.io/yandex-cloud/yandex\"]",
      "instances": [
        {
          "schema_version": 0,
          "attributes": {
            "created_at": "2024-05-19T19:15:25Z",
            "default_security_group_id": "enpsnp0nkbqfvg47noq3",
            "description": "",
            "folder_id": "b1gp1d8nc2hoglc4llu8",
            "id": "enpssasa274mpl6vi438",
            "labels": {},
            "name": "netology-net",
            "subnet_ids": [
              "e9bcnhp654i45m16r3ks"
            ],
            "timeouts": null
          },
          "sensitive_attributes": [],
          "private": "eyJlMmJmYjczMC1lY2FhLTExZTYtOGY4OC0zNDM2M2JjN2M0YzAiOnsiY3JlYXRlIjo2MDAwMDAwMDAwMCwiZGVsZXRlIjo2MDAwMDAwMDAwMCwidXBkYXRlIjo2MDAwMDAwMDAwMH19"
        }
      ]
    },
    {
      "mode": "managed",
      "type": "yandex_vpc_subnet",
      "name": "public",
      "provider": "provider[\"registry.terraform.io/yandex-cloud/yandex\"]",
      "instances": [
        {
          "schema_version": 0,
          "attributes": {
            "created_at": "2024-05-19T19:15:27Z",
            "description": "",
            "dhcp_options": [],
            "folder_id": "b1gp1d8nc2hoglc4llu8",
            "id": "e9bcnhp654i45m16r3ks",
            "labels": {},
            "name": "public",
            "network_id": "enpssasa274mpl6vi438",
            "route_table_id": "",
            "timeouts": null,
            "v4_cidr_blocks": [
              "192.168.10.0/24"
            ],
            "v6_cidr_blocks": [],
            "zone": "ru-central1-a"
          },
          "sensitive_attributes": [],
          "private": "eyJlMmJmYjczMC1lY2FhLTExZTYtOGY4OC0zNDM2M2JjN2M0YzAiOnsiY3JlYXRlIjoxODAwMDAwMDAwMDAsImRlbGV0ZSI6MTgwMDAwMDAwMDAwLCJ1cGRhdGUiOjE4MDAwMDAwMDAwMH19",
          "dependencies": [
            "yandex_vpc_network.netology-net"
          ]
        }
      ]
    }
  ],
  "check_results": null
}
