{
  "version": 4,
  "terraform_version": "1.8.3",
  "serial": 8,
  "lineage": "795b4c98-2401-9e9d-9af8-d9e5e8f668f7",
  "outputs": {
    "vm_external_ip_address_nat": {
      "value": "192.168.10.254",
      "type": "string"
    },
    "vm_external_ip_address_private": {
      "value": "192.168.20.17",
      "type": "string"
    },
    "vm_external_ip_address_public": {
      "value": "192.168.10.21",
      "type": "string"
    }
  },
  "resources": [
    {
      "mode": "data",
      "type": "yandex_compute_image",
      "name": "nat-ubuntu",
      "provider": "provider[\"registry.terraform.io/yandex-cloud/yandex\"]",
      "instances": [
        {
          "schema_version": 0,
          "attributes": {
            "created_at": "2019-05-30T12:23:07Z",
            "description": "nat-instance-ubuntu factory build",
            "family": "nat-instance-ubuntu",
            "folder_id": "standard-images",
            "id": "fd80mrhj8fl2oe87o4e1",
            "image_id": "fd80mrhj8fl2oe87o4e1",
            "labels": {},
            "min_disk_size": 3,
            "name": "nat-instance-ubuntu-1559218207",
            "os_type": "linux",
            "pooled": false,
            "product_ids": [
              "f2ec86u5podbrqc04jij"
            ],
            "size": 2,
            "status": "ready"
          },
          "sensitive_attributes": []
        }
      ]
    },
    {
      "mode": "data",
      "type": "yandex_compute_image",
      "name": "private-ubuntu",
      "provider": "provider[\"registry.terraform.io/yandex-cloud/yandex\"]",
      "instances": [
        {
          "schema_version": 0,
          "attributes": {
            "created_at": "2023-08-28T10:52:26Z",
            "description": "ubuntu 20.04 lts",
            "family": "ubuntu-2004-lts",
            "folder_id": "standard-images",
            "id": "fd8pqclrbi85ektgehlf",
            "image_id": "fd8pqclrbi85ektgehlf",
            "labels": {},
            "min_disk_size": 5,
            "name": "ubuntu-20-04-lts-v20230828",
            "os_type": "linux",
            "pooled": true,
            "product_ids": [
              "f2ehd7p6soiko2qckfbq"
            ],
            "size": 4,
            "status": "ready"
          },
          "sensitive_attributes": []
        }
      ]
    },
    {
      "mode": "data",
      "type": "yandex_compute_image",
      "name": "public-ubuntu",
      "provider": "provider[\"registry.terraform.io/yandex-cloud/yandex\"]",
      "instances": [
        {
          "schema_version": 0,
          "attributes": {
            "created_at": "2023-08-28T10:52:26Z",
            "description": "ubuntu 20.04 lts",
            "family": "ubuntu-2004-lts",
            "folder_id": "standard-images",
            "id": "fd8pqclrbi85ektgehlf",
            "image_id": "fd8pqclrbi85ektgehlf",
            "labels": {},
            "min_disk_size": 5,
            "name": "ubuntu-20-04-lts-v20230828",
            "os_type": "linux",
            "pooled": true,
            "product_ids": [
              "f2ehd7p6soiko2qckfbq"
            ],
            "size": 4,
            "status": "ready"
          },
          "sensitive_attributes": []
        }
      ]
    },
    {
      "mode": "managed",
      "type": "yandex_compute_instance",
      "name": "nat-instance",
      "provider": "provider[\"registry.terraform.io/yandex-cloud/yandex\"]",
      "instances": [
        {
          "schema_version": 1,
          "attributes": {
            "allow_recreate": null,
            "allow_stopping_for_update": null,
            "boot_disk": [
              {
                "auto_delete": true,
                "device_name": "fhm60iq7v0ae19t48ct9",
                "disk_id": "fhm60iq7v0ae19t48ct9",
                "initialize_params": [
                  {
                    "block_size": 4096,
                    "description": "",
                    "image_id": "fd80mrhj8fl2oe87o4e1",
                    "name": "",
                    "size": 3,
                    "snapshot_id": "",
                    "type": "network-hdd"
                  }
                ],
                "mode": "READ_WRITE"
              }
            ],
            "created_at": "2024-05-19T10:54:31Z",
            "description": "",
            "filesystem": [],
            "folder_id": "b1gp1d8nc2hoglc4llu8",
            "fqdn": "nat.ru-central1.internal",
            "gpu_cluster_id": "",
            "hostname": "nat",
            "id": "fhml9ge78vj6pa59dgbb",
            "labels": null,
            "local_disk": [],
            "maintenance_grace_period": "",
            "maintenance_policy": null,
            "metadata": {
              "ssh-keys": "ubuntu:ssh-rsa AAAAB3NzaC1yc2EAAAADAQABAAABgQC9FPxk1VMFbMs1g/SnRP6mICbLivvg5SYloWJlzeqKhIKXSuQY7U1AtEfRYLKDZbnf98WndodBS74pRaceawXqmYHcDeHCwdRCGOeYMbOZO7DlgR0wOrYTLqb0HVQwwr1J5ZNvmvRat9o34DUtOGlC++zgZdwiU1FGe47gVTq2I6vylosHUCoW4hOWWc0pDDpjVF6VvSrxF2QvwVi8GVV9GvPKeXe5GCtFYS+U8TEgScZRhDFgeIzgFn5BMgMeDJsNSEJ4on08vM9FFpbq4Og/foqUnWFV7nEO33CTqx2dXJMm/Gdg+ZXl4Z4+FRmaN4gNrPQKMtQTfGkdlP3iL71/ZDYyLTohTJn4fnpESEy1tw3QDhS20T+tMLkwIrLOSaYhlPMUTY/m3ZyB8+z5ZBNab3rUiTP78lXUI+GL7+lxzqGzgW5MJH4IYQirumpMS9LUmCKlnY2lYpTsoSz+k7SV3OaNo6rk2mKza/+6bRwE20lbnLETd88vqo15czinfjU= ret@ret-vm\n"
            },
            "metadata_options": [
              {
                "aws_v1_http_endpoint": 1,
                "aws_v1_http_token": 2,
                "gce_http_endpoint": 1,
                "gce_http_token": 1
              }
            ],
            "name": "nat",
            "network_acceleration_type": "standard",
            "network_interface": [
              {
                "dns_record": [],
                "index": 0,
                "ip_address": "192.168.10.254",
                "ipv4": true,
                "ipv6": false,
                "ipv6_address": "",
                "ipv6_dns_record": [],
                "mac_address": "d0:0d:15:4c:1c:74",
                "nat": true,
                "nat_dns_record": [],
                "nat_ip_address": "158.160.122.29",
                "nat_ip_version": "IPV4",
                "security_group_ids": [],
                "subnet_id": "e9bhqv2dqiv098caqgt7"
              }
            ],
            "placement_policy": [
              {
                "host_affinity_rules": [],
                "placement_group_id": "",
                "placement_group_partition": 0
              }
            ],
            "platform_id": "standard-v1",
            "resources": [
              {
                "core_fraction": 20,
                "cores": 2,
                "gpus": 0,
                "memory": 2
              }
            ],
            "scheduling_policy": [
              {
                "preemptible": true
              }
            ],
            "secondary_disk": [],
            "service_account_id": "",
            "status": "running",
            "timeouts": null,
            "zone": "ru-central1-a"
          },
          "sensitive_attributes": [],
          "private": "eyJlMmJmYjczMC1lY2FhLTExZTYtOGY4OC0zNDM2M2JjN2M0YzAiOnsiY3JlYXRlIjozMDAwMDAwMDAwMDAsImRlbGV0ZSI6MzAwMDAwMDAwMDAwLCJ1cGRhdGUiOjMwMDAwMDAwMDAwMH0sInNjaGVtYV92ZXJzaW9uIjoiMSJ9",
          "dependencies": [
            "data.yandex_compute_image.nat-ubuntu",
            "yandex_vpc_network.netology-network",
            "yandex_vpc_subnet.public"
          ]
        }
      ]
    },
    {
      "mode": "managed",
      "type": "yandex_compute_instance",
      "name": "private-instance",
      "provider": "provider[\"registry.terraform.io/yandex-cloud/yandex\"]",
      "instances": [
        {
          "schema_version": 1,
          "attributes": {
            "allow_recreate": null,
            "allow_stopping_for_update": null,
            "boot_disk": [
              {
                "auto_delete": true,
                "device_name": "fhme0mo2sc72te037kdu",
                "disk_id": "fhme0mo2sc72te037kdu",
                "initialize_params": [
                  {
                    "block_size": 4096,
                    "description": "",
                    "image_id": "fd8pqclrbi85ektgehlf",
                    "name": "",
                    "size": 5,
                    "snapshot_id": "",
                    "type": "network-hdd"
                  }
                ],
                "mode": "READ_WRITE"
              }
            ],
            "created_at": "2024-05-19T10:55:37Z",
            "description": "",
            "filesystem": [],
            "folder_id": "b1gp1d8nc2hoglc4llu8",
            "fqdn": "private.ru-central1.internal",
            "gpu_cluster_id": "",
            "hostname": "private",
            "id": "fhmsufbr00im4p00hs1d",
            "labels": null,
            "local_disk": [],
            "maintenance_grace_period": "",
            "maintenance_policy": null,
            "metadata": {
              "ssh-keys": "ubuntu:ssh-rsa AAAAB3NzaC1yc2EAAAADAQABAAABgQC9FPxk1VMFbMs1g/SnRP6mICbLivvg5SYloWJlzeqKhIKXSuQY7U1AtEfRYLKDZbnf98WndodBS74pRaceawXqmYHcDeHCwdRCGOeYMbOZO7DlgR0wOrYTLqb0HVQwwr1J5ZNvmvRat9o34DUtOGlC++zgZdwiU1FGe47gVTq2I6vylosHUCoW4hOWWc0pDDpjVF6VvSrxF2QvwVi8GVV9GvPKeXe5GCtFYS+U8TEgScZRhDFgeIzgFn5BMgMeDJsNSEJ4on08vM9FFpbq4Og/foqUnWFV7nEO33CTqx2dXJMm/Gdg+ZXl4Z4+FRmaN4gNrPQKMtQTfGkdlP3iL71/ZDYyLTohTJn4fnpESEy1tw3QDhS20T+tMLkwIrLOSaYhlPMUTY/m3ZyB8+z5ZBNab3rUiTP78lXUI+GL7+lxzqGzgW5MJH4IYQirumpMS9LUmCKlnY2lYpTsoSz+k7SV3OaNo6rk2mKza/+6bRwE20lbnLETd88vqo15czinfjU= ret@ret-vm\n"
            },
            "metadata_options": [
              {
                "aws_v1_http_endpoint": 1,
                "aws_v1_http_token": 2,
                "gce_http_endpoint": 1,
                "gce_http_token": 1
              }
            ],
            "name": "private",
            "network_acceleration_type": "standard",
            "network_interface": [
              {
                "dns_record": [],
                "index": 0,
                "ip_address": "192.168.20.17",
                "ipv4": true,
                "ipv6": false,
                "ipv6_address": "",
                "ipv6_dns_record": [],
                "mac_address": "d0:0d:1c:f3:d7:b0",
                "nat": false,
                "nat_dns_record": [],
                "nat_ip_address": "",
                "nat_ip_version": "",
                "security_group_ids": [],
                "subnet_id": "e9bae5tg295bvb6nppk0"
              }
            ],
            "placement_policy": [
              {
                "host_affinity_rules": [],
                "placement_group_id": "",
                "placement_group_partition": 0
              }
            ],
            "platform_id": "standard-v1",
            "resources": [
              {
                "core_fraction": 20,
                "cores": 2,
                "gpus": 0,
                "memory": 2
              }
            ],
            "scheduling_policy": [
              {
                "preemptible": true
              }
            ],
            "secondary_disk": [],
            "service_account_id": "",
            "status": "running",
            "timeouts": null,
            "zone": "ru-central1-a"
          },
          "sensitive_attributes": [],
          "private": "eyJlMmJmYjczMC1lY2FhLTExZTYtOGY4OC0zNDM2M2JjN2M0YzAiOnsiY3JlYXRlIjozMDAwMDAwMDAwMDAsImRlbGV0ZSI6MzAwMDAwMDAwMDAwLCJ1cGRhdGUiOjMwMDAwMDAwMDAwMH0sInNjaGVtYV92ZXJzaW9uIjoiMSJ9",
          "dependencies": [
            "data.yandex_compute_image.nat-ubuntu",
            "data.yandex_compute_image.private-ubuntu",
            "yandex_compute_instance.nat-instance",
            "yandex_vpc_network.netology-network",
            "yandex_vpc_route_table.private-netology",
            "yandex_vpc_subnet.private",
            "yandex_vpc_subnet.public"
          ]
        }
      ]
    },
    {
      "mode": "managed",
      "type": "yandex_compute_instance",
      "name": "public-instance",
      "provider": "provider[\"registry.terraform.io/yandex-cloud/yandex\"]",
      "instances": [
        {
          "schema_version": 1,
          "attributes": {
            "allow_recreate": null,
            "allow_stopping_for_update": null,
            "boot_disk": [
              {
                "auto_delete": true,
                "device_name": "fhmp6sarcg4gr8suc54f",
                "disk_id": "fhmp6sarcg4gr8suc54f",
                "initialize_params": [
                  {
                    "block_size": 4096,
                    "description": "",
                    "image_id": "fd8pqclrbi85ektgehlf",
                    "name": "",
                    "size": 5,
                    "snapshot_id": "",
                    "type": "network-hdd"
                  }
                ],
                "mode": "READ_WRITE"
              }
            ],
            "created_at": "2024-05-19T10:54:31Z",
            "description": "",
            "filesystem": [],
            "folder_id": "b1gp1d8nc2hoglc4llu8",
            "fqdn": "public.ru-central1.internal",
            "gpu_cluster_id": "",
            "hostname": "public",
            "id": "fhmv6r6rt9r91t3fm3il",
            "labels": null,
            "local_disk": [],
            "maintenance_grace_period": "",
            "maintenance_policy": null,
            "metadata": {
              "ssh-keys": "ubuntu:ssh-rsa AAAAB3NzaC1yc2EAAAADAQABAAABgQC9FPxk1VMFbMs1g/SnRP6mICbLivvg5SYloWJlzeqKhIKXSuQY7U1AtEfRYLKDZbnf98WndodBS74pRaceawXqmYHcDeHCwdRCGOeYMbOZO7DlgR0wOrYTLqb0HVQwwr1J5ZNvmvRat9o34DUtOGlC++zgZdwiU1FGe47gVTq2I6vylosHUCoW4hOWWc0pDDpjVF6VvSrxF2QvwVi8GVV9GvPKeXe5GCtFYS+U8TEgScZRhDFgeIzgFn5BMgMeDJsNSEJ4on08vM9FFpbq4Og/foqUnWFV7nEO33CTqx2dXJMm/Gdg+ZXl4Z4+FRmaN4gNrPQKMtQTfGkdlP3iL71/ZDYyLTohTJn4fnpESEy1tw3QDhS20T+tMLkwIrLOSaYhlPMUTY/m3ZyB8+z5ZBNab3rUiTP78lXUI+GL7+lxzqGzgW5MJH4IYQirumpMS9LUmCKlnY2lYpTsoSz+k7SV3OaNo6rk2mKza/+6bRwE20lbnLETd88vqo15czinfjU= ret@ret-vm\n"
            },
            "metadata_options": [
              {
                "aws_v1_http_endpoint": 1,
                "aws_v1_http_token": 2,
                "gce_http_endpoint": 1,
                "gce_http_token": 1
              }
            ],
            "name": "public",
            "network_acceleration_type": "standard",
            "network_interface": [
              {
                "dns_record": [],
                "index": 0,
                "ip_address": "192.168.10.21",
                "ipv4": true,
                "ipv6": false,
                "ipv6_address": "",
                "ipv6_dns_record": [],
                "mac_address": "d0:0d:1f:36:cd:be",
                "nat": true,
                "nat_dns_record": [],
                "nat_ip_address": "158.160.116.85",
                "nat_ip_version": "IPV4",
                "security_group_ids": [],
                "subnet_id": "e9bhqv2dqiv098caqgt7"
              }
            ],
            "placement_policy": [
              {
                "host_affinity_rules": [],
                "placement_group_id": "",
                "placement_group_partition": 0
              }
            ],
            "platform_id": "standard-v1",
            "resources": [
              {
                "core_fraction": 20,
                "cores": 2,
                "gpus": 0,
                "memory": 2
              }
            ],
            "scheduling_policy": [
              {
                "preemptible": true
              }
            ],
            "secondary_disk": [],
            "service_account_id": "",
            "status": "running",
            "timeouts": null,
            "zone": "ru-central1-a"
          },
          "sensitive_attributes": [],
          "private": "eyJlMmJmYjczMC1lY2FhLTExZTYtOGY4OC0zNDM2M2JjN2M0YzAiOnsiY3JlYXRlIjozMDAwMDAwMDAwMDAsImRlbGV0ZSI6MzAwMDAwMDAwMDAwLCJ1cGRhdGUiOjMwMDAwMDAwMDAwMH0sInNjaGVtYV92ZXJzaW9uIjoiMSJ9",
          "dependencies": [
            "data.yandex_compute_image.public-ubuntu",
            "yandex_vpc_network.netology-network",
            "yandex_vpc_subnet.public"
          ]
        }
      ]
    },
    {
      "mode": "managed",
      "type": "yandex_vpc_network",
      "name": "netology-network",
      "provider": "provider[\"registry.terraform.io/yandex-cloud/yandex\"]",
      "instances": [
        {
          "schema_version": 0,
          "attributes": {
            "created_at": "2024-05-19T10:54:28Z",
            "default_security_group_id": "enpqqf66k91udbk4mnqs",
            "description": "",
            "folder_id": "b1gp1d8nc2hoglc4llu8",
            "id": "enp3kg3e2n45hdcecc46",
            "labels": {},
            "name": "develop",
            "subnet_ids": [],
            "timeouts": null
          },
          "sensitive_attributes": [],
          "private": "eyJlMmJmYjczMC1lY2FhLTExZTYtOGY4OC0zNDM2M2JjN2M0YzAiOnsiY3JlYXRlIjo2MDAwMDAwMDAwMCwiZGVsZXRlIjo2MDAwMDAwMDAwMCwidXBkYXRlIjo2MDAwMDAwMDAwMH19"
        }
      ]
    },
    {
      "mode": "managed",
      "type": "yandex_vpc_route_table",
      "name": "private-netology",
      "provider": "provider[\"registry.terraform.io/yandex-cloud/yandex\"]",
      "instances": [
        {
          "schema_version": 0,
          "attributes": {
            "created_at": "2024-05-19T10:55:36Z",
            "description": "",
            "folder_id": "b1gp1d8nc2hoglc4llu8",
            "id": "enp0cihpaqbcef1gon30",
            "labels": {},
            "name": "private-netology",
            "network_id": "enp3kg3e2n45hdcecc46",
            "static_route": [
              {
                "destination_prefix": "0.0.0.0/0",
                "gateway_id": "",
                "next_hop_address": "192.168.10.254"
              }
            ],
            "timeouts": null
          },
          "sensitive_attributes": [],
          "private": "eyJlMmJmYjczMC1lY2FhLTExZTYtOGY4OC0zNDM2M2JjN2M0YzAiOnsiY3JlYXRlIjoxODAwMDAwMDAwMDAsImRlbGV0ZSI6MTgwMDAwMDAwMDAwLCJ1cGRhdGUiOjE4MDAwMDAwMDAwMH19",
          "dependencies": [
            "data.yandex_compute_image.nat-ubuntu",
            "yandex_compute_instance.nat-instance",
            "yandex_vpc_network.netology-network",
            "yandex_vpc_subnet.public"
          ]
        }
      ]
    },
    {
      "mode": "managed",
      "type": "yandex_vpc_subnet",
      "name": "private",
      "provider": "provider[\"registry.terraform.io/yandex-cloud/yandex\"]",
      "instances": [
        {
          "schema_version": 0,
          "attributes": {
            "created_at": "2024-05-19T10:55:37Z",
            "description": "",
            "dhcp_options": [],
            "folder_id": "b1gp1d8nc2hoglc4llu8",
            "id": "e9bae5tg295bvb6nppk0",
            "labels": {},
            "name": "private-subnet",
            "network_id": "enp3kg3e2n45hdcecc46",
            "route_table_id": "enp0cihpaqbcef1gon30",
            "timeouts": null,
            "v4_cidr_blocks": [
              "192.168.20.0/24"
            ],
            "v6_cidr_blocks": [],
            "zone": "ru-central1-a"
          },
          "sensitive_attributes": [],
          "private": "eyJlMmJmYjczMC1lY2FhLTExZTYtOGY4OC0zNDM2M2JjN2M0YzAiOnsiY3JlYXRlIjoxODAwMDAwMDAwMDAsImRlbGV0ZSI6MTgwMDAwMDAwMDAwLCJ1cGRhdGUiOjE4MDAwMDAwMDAwMH19",
          "dependencies": [
            "data.yandex_compute_image.nat-ubuntu",
            "yandex_compute_instance.nat-instance",
            "yandex_vpc_network.netology-network",
            "yandex_vpc_route_table.private-netology",
            "yandex_vpc_subnet.public"
          ]
        }
      ]
    },
    {
      "mode": "managed",
      "type": "yandex_vpc_subnet",
      "name": "public",
      "provider": "provider[\"registry.terraform.io/yandex-cloud/yandex\"]",
      "instances": [
        {
          "schema_version": 0,
          "attributes": {
            "created_at": "2024-05-19T10:54:30Z",
            "description": "",
            "dhcp_options": [],
            "folder_id": "b1gp1d8nc2hoglc4llu8",
            "id": "e9bhqv2dqiv098caqgt7",
            "labels": {},
            "name": "public-subnet",
            "network_id": "enp3kg3e2n45hdcecc46",
            "route_table_id": "",
            "timeouts": null,
            "v4_cidr_blocks": [
              "192.168.10.0/24"
            ],
            "v6_cidr_blocks": [],
            "zone": "ru-central1-a"
          },
          "sensitive_attributes": [],
          "private": "eyJlMmJmYjczMC1lY2FhLTExZTYtOGY4OC0zNDM2M2JjN2M0YzAiOnsiY3JlYXRlIjoxODAwMDAwMDAwMDAsImRlbGV0ZSI6MTgwMDAwMDAwMDAwLCJ1cGRhdGUiOjE4MDAwMDAwMDAwMH19",
          "dependencies": [
            "yandex_vpc_network.netology-network"
          ]
        }
      ]
    }
  ],
  "check_results": null
}
